
Microsoft Visual Studio Solution File, Format Version 12.00
# Visual Studio Version 16
VisualStudioVersion = 16.0.30114.105
MinimumVisualStudioVersion = 10.0.40219.1
Project("{888888A0-9F3D-457C-B088-3A5042F75D52}") = "ecommerce", "ecommerce\ecommerce.pyproj", "{49306704-BDF3-41C7-A741-060595EC0235}"
EndProject
Global
	GlobalSection(SolutionConfigurationPlatforms) = preSolution
		Debug|Any CPU = Debug|Any CPU
		Release|Any CPU = Release|Any CPU
	EndGlobalSection
	GlobalSection(ProjectConfigurationPlatforms) = postSolution
		{49306704-BDF3-41C7-A741-060595EC0235}.Debug|Any CPU.ActiveCfg = Debug|Any CPU
		{49306704-BDF3-41C7-A741-060595EC0235}.Debug|Any CPU.Build.0 = Debug|Any CPU
		{49306704-BDF3-41C7-A741-060595EC0235}.Release|Any CPU.ActiveCfg = Release|Any CPU
		{49306704-BDF3-41C7-A741-060595EC0235}.Release|Any CPU.Build.0 = Release|Any CPU
	EndGlobalSection
	GlobalSection(SolutionProperties) = preSolution
		HideSolutionNode = FALSE
	EndGlobalSection
	GlobalSection(ExtensibilityGlobals) = postSolution
		SolutionGuid = {4090DFBA-E1CD-44A3-B032-F8F6818F6E2C}
	EndGlobalSection
EndGlobal
